code.breezecode.tech/Breezecode/errorlog v0.0.0-20240719023748-3c0dca6653bf h1:b+qTUoP4aPz91dz7Ge+315ZAv3jBrj2iQ2ok2LA22F4=
code.breezecode.tech/Breezecode/errorlog v0.0.0-20240719023748-3c0dca6653bf/go.mod h1:A1aPRcXUcjL8noBWXE8A1uIr0gKu5D2JpSdjLN4gWa4=
code.breezecode.tech/Breezecode/errorlog v0.0.0-20240719033133-b8693ecdf519 h1:eI16n0A0iApIWS/201zLrMBq6YsfiQsGXPRogf0VqCE=
code.breezecode.tech/Breezecode/errorlog v0.0.0-20240719033133-b8693ecdf519/go.mod h1:A1aPRcXUcjL8noBWXE8A1uIr0gKu5D2JpSdjLN4gWa4=
github.com/gordonklaus/portaudio v0.0.0-20230709114228-aafa478834f5 h1:5AlozfqaVjGYGhms2OsdUyfdJME76E6rx5MdGpjzZpc=
github.com/gordonklaus/portaudio v0.0.0-20230709114228-aafa478834f5/go.mod h1:WY8R6YKlI2ZI3UyzFk7P6yGSuS+hFwNtEzrexRyD7Es=
